<?xml version="1.0" encoding="utf-8"?>
<Project ToolsVersion="4.0" xmlns="http://schemas.microsoft.com/developer/msbuild/2003">
  <ItemGroup>
    <Filter Include="Исходные файлы">
      <UniqueIdentifier>{4FC737F1-C7A5-4376-A066-2A32D752A2FF}</UniqueIdentifier>
      <Extensions>cpp;c;cc;cxx;c++;cppm;ixx;def;odl;idl;hpj;bat;asm;asmx</Extensions>
    </Filter>
    <Filter Include="Файлы заголовков">
      <UniqueIdentifier>{93995380-89BD-4b04-88EB-625FBE52EBFB}</UniqueIdentifier>
      <Extensions>h;hh;hpp;hxx;h++;hm;inl;inc;ipp;xsd</Extensions>
    </Filter>
    <Filter Include="Файлы ресурсов">
      <UniqueIdentifier>{67DA6AB6-F800-4c08-8B7A-83BB121AAD01}</UniqueIdentifier>
      <Extensions>rc;ico;cur;bmp;dlg;rc2;rct;bin;rgs;gif;jpg;jpeg;jpe;resx;tiff;tif;png;wav;mfcribbon-ms</Extensions>
    </Filter>
    <Filter Include="Файлы заголовков\stb">
      <UniqueIdentifier>{e56c0fb9-777a-435c-be97-cc42efc1e4ca}</UniqueIdentifier>
    </Filter>
    <Filter Include="Файлы заголовков\glm">
      <UniqueIdentifier>{016ab522-9232-407d-b54d-1895c8be7b15}</UniqueIdentifier>
    </Filter>
    <Filter Include="Файлы заголовков\imgui">
      <UniqueIdentifier>{685f82fa-b975-434e-9c61-2b1c427a694c}</UniqueIdentifier>
    </Filter>
  </ItemGroup>
  <ItemGroup>
    <ClCompile Include="project_engine.cpp">
      <Filter>Исходные файлы</Filter>
    </ClCompile>
    <ClCompile Include="service\modelLoader.cpp">
      <Filter>Исходные файлы</Filter>
    </ClCompile>
    <ClCompile Include="service\shaderLoader.cpp">
      <Filter>Исходные файлы</Filter>
    </ClCompile>
    <ClCompile Include="service\vboindexer.cpp">
      <Filter>Исходные файлы</Filter>
    </ClCompile>
    <ClCompile Include="service\textureLoader.cpp">
      <Filter>Исходные файлы</Filter>
    </ClCompile>
    <ClCompile Include="libs\imgui\imgui.cpp">
      <Filter>Исходные файлы</Filter>
    </ClCompile>
    <ClCompile Include="libs\imgui\imgui_widgets.cpp">
      <Filter>Исходные файлы</Filter>
    </ClCompile>
    <ClCompile Include="libs\imgui\imgui-SFML.cpp">
      <Filter>Исходные файлы</Filter>
    </ClCompile>
    <ClCompile Include="libs\imgui\imgui_demo.cpp">
      <Filter>Исходные файлы</Filter>
    </ClCompile>
    <ClCompile Include="libs\imgui\imgui_draw.cpp">
      <Filter>Исходные файлы</Filter>
    </ClCompile>
    <ClCompile Include="libs\stb\stb_image.cpp">
      <Filter>Исходные файлы</Filter>
    </ClCompile>
  </ItemGroup>
  <ItemGroup>
    <ClInclude Include="Includes.h">
      <Filter>Файлы заголовков</Filter>
    </ClInclude>
    <ClInclude Include="service\modelLoader.h">
      <Filter>Файлы заголовков</Filter>
    </ClInclude>
    <ClInclude Include="service\shaderLoader.h">
      <Filter>Файлы заголовков</Filter>
    </ClInclude>
    <ClInclude Include="service\textureLoader.h">
      <Filter>Файлы заголовков</Filter>
    </ClInclude>
    <ClInclude Include="service\vboindexer.h">
      <Filter>Файлы заголовков</Filter>
    </ClInclude>
    <ClInclude Include="libs\imgui\imgui-SFML.h">
      <Filter>Файлы заголовков</Filter>
    </ClInclude>
    <ClInclude Include="libs\imgui\imgui-SFML_export.h">
      <Filter>Файлы заголовков</Filter>
    </ClInclude>
    <ClInclude Include="libs\imgui\imstb_rectpack.h">
      <Filter>Файлы заголовков</Filter>
    </ClInclude>
    <ClInclude Include="libs\imgui\imstb_textedit.h">
      <Filter>Файлы заголовков</Filter>
    </ClInclude>
    <ClInclude Include="libs\imgui\imstb_truetype.h">
      <Filter>Файлы заголовков</Filter>
    </ClInclude>
    <ClInclude Include="libs\imgui\imconfig.h">
      <Filter>Файлы заголовков</Filter>
    </ClInclude>
    <ClInclude Include="libs\imgui\imgui.h">
      <Filter>Файлы заголовков</Filter>
    </ClInclude>
    <ClInclude Include="libs\imgui\imgui_internal.h">
      <Filter>Файлы заголовков</Filter>
    </ClInclude>
    <ClInclude Include="libs\stb\stb_image.h">
      <Filter>Файлы заголовков</Filter>
    </ClInclude>
    <ClInclude Include="facilities\index_buffer.h">
      <Filter>Файлы заголовков</Filter>
    </ClInclude>
    <ClInclude Include="facilities\mesh.h">
      <Filter>Файлы заголовков</Filter>
    </ClInclude>
    <ClInclude Include="facilities\shader.h">
      <Filter>Файлы заголовков</Filter>
    </ClInclude>
    <ClInclude Include="facilities\skybox.h">
      <Filter>Файлы заголовков</Filter>
    </ClInclude>
    <ClInclude Include="facilities\texture.h">
      <Filter>Файлы заголовков</Filter>
    </ClInclude>
    <ClInclude Include="facilities\vertex_array.h">
      <Filter>Файлы заголовков</Filter>
    </ClInclude>
    <ClInclude Include="facilities\vertex_buffer.h">
      <Filter>Файлы заголовков</Filter>
    </ClInclude>
    <ClInclude Include="facilities\camera.h">
      <Filter>Файлы заголовков</Filter>
    </ClInclude>
    <ClInclude Include="facilities\func.h">
      <Filter>Файлы заголовков</Filter>
    </ClInclude>
  </ItemGroup>
  <ItemGroup>
    <None Include="shaders\v1.vs" />
    <None Include="shaders\f1.fs" />
    <None Include="sfml-graphics-2.dll" />
    <None Include="sfml-system-2.dll" />
    <None Include="sfml-window-2.dll" />
    <None Include="glew32.dll" />
    <None Include="shaders\texture.vs" />
    <None Include="shaders\texture.fs" />
    <None Include="shaders\screen.vs" />
    <None Include="shaders\screen.fs" />
    <None Include="shaders\point.vs" />
    <None Include="shaders\point.fs" />
    <None Include="shaders\spot\spot.vs" />
    <None Include="shaders\spot\spot.fs" />
    <None Include="shaders\skybox\skybox.vs" />
    <None Include="shaders\skybox\skybox.fs" />
    <None Include="shaders\point\point.fs" />
    <None Include="shaders\point\point.vs" />
    <None Include="shaders\directional\directional.fs" />
    <None Include="shaders\directional\directional.vs" />
  </ItemGroup>
  <ItemGroup>
    <Image Include="images\1.jpg">
      <Filter>Файлы ресурсов</Filter>
    </Image>
    <Image Include="images\1.png">
      <Filter>Файлы ресурсов</Filter>
    </Image>
    <Image Include="images\skybox\rainbow_up.png">
      <Filter>Файлы ресурсов</Filter>
    </Image>
    <Image Include="images\skybox\rainbow_bk.png">
      <Filter>Файлы ресурсов</Filter>
    </Image>
    <Image Include="images\skybox\rainbow_dn.png">
      <Filter>Файлы ресурсов</Filter>
    </Image>
    <Image Include="images\skybox\rainbow_ft.png">
      <Filter>Файлы ресурсов</Filter>
    </Image>
    <Image Include="images\skybox\rainbow_lf.png">
      <Filter>Файлы ресурсов</Filter>
    </Image>
    <Image Include="images\skybox\rainbow_rt.png">
      <Filter>Файлы ресурсов</Filter>
    </Image>
    <Image Include="images\11.png">
      <Filter>Файлы ресурсов</Filter>
    </Image>
  </ItemGroup>
</Project>